// !$*UTF8*$!
{
	archiveVersion = 1;
	classes = {
	};
	objectVersion = 46;
	objects = {

/* Begin PBXBuildFile section */
		681459F119BA20A0001A610D /* Foundation.framework in Frameworks */ = {isa = PBXBuildFile; fileRef = 681459F019BA20A0001A610D /* Foundation.framework */; };
		681459F319BA20A0001A610D /* CoreGraphics.framework in Frameworks */ = {isa = PBXBuildFile; fileRef = 681459F219BA20A0001A610D /* CoreGraphics.framework */; };
		681459F519BA20A0001A610D /* UIKit.framework in Frameworks */ = {isa = PBXBuildFile; fileRef = 681459F419BA20A0001A610D /* UIKit.framework */; };
		681459FB19BA20A0001A610D /* InfoPlist.strings in Resources */ = {isa = PBXBuildFile; fileRef = 681459F919BA20A0001A610D /* InfoPlist.strings */; };
		681459FD19BA20A0001A610D /* main.m in Sources */ = {isa = PBXBuildFile; fileRef = 681459FC19BA20A0001A610D /* main.m */; };
		68145A0119BA20A0001A610D /* SSAppDelegate.m in Sources */ = {isa = PBXBuildFile; fileRef = 68145A0019BA20A0001A610D /* SSAppDelegate.m */; };
		68145A0419BA20A0001A610D /* Main.storyboard in Resources */ = {isa = PBXBuildFile; fileRef = 68145A0219BA20A0001A610D /* Main.storyboard */; };
		68145A0719BA20A0001A610D /* SSViewController.m in Sources */ = {isa = PBXBuildFile; fileRef = 68145A0619BA20A0001A610D /* SSViewController.m */; };
		68145A0919BA20A0001A610D /* Images.xcassets in Resources */ = {isa = PBXBuildFile; fileRef = 68145A0819BA20A0001A610D /* Images.xcassets */; };
		68145A1019BA20A0001A610D /* XCTest.framework in Frameworks */ = {isa = PBXBuildFile; fileRef = 68145A0F19BA20A0001A610D /* XCTest.framework */; };
		68145A1119BA20A0001A610D /* Foundation.framework in Frameworks */ = {isa = PBXBuildFile; fileRef = 681459F019BA20A0001A610D /* Foundation.framework */; };
		68145A1219BA20A0001A610D /* UIKit.framework in Frameworks */ = {isa = PBXBuildFile; fileRef = 681459F419BA20A0001A610D /* UIKit.framework */; };
		68145A1A19BA20A0001A610D /* InfoPlist.strings in Resources */ = {isa = PBXBuildFile; fileRef = 68145A1819BA20A0001A610D /* InfoPlist.strings */; };
		68145A1C19BA20A0001A610D /* gittestTests.m in Sources */ = {isa = PBXBuildFile; fileRef = 68145A1B19BA20A0001A610D /* gittestTests.m */; };
		68145A2719BA2579001A610D /* SSTest.m in Sources */ = {isa = PBXBuildFile; fileRef = 68145A2619BA2579001A610D /* SSTest.m */; };
/* End PBXBuildFile section */

/* Begin PBXContainerItemProxy section */
		68145A1319BA20A0001A610D /* PBXContainerItemProxy */ = {
			isa = PBXContainerItemProxy;
			containerPortal = 681459E519BA209F001A610D /* Project object */;
			proxyType = 1;
			remoteGlobalIDString = 681459EC19BA209F001A610D;
			remoteInfo = gittest;
		};
/* End PBXContainerItemProxy section */

/* Begin PBXFileReference section */
		681459ED19BA20A0001A610D /* gittest.app */ = {isa = PBXFileReference; explicitFileType = wrapper.application; includeInIndex = 0; path = gittest.app; sourceTree = BUILT_PRODUCTS_DIR; };
		681459F019BA20A0001A610D /* Foundation.framework */ = {isa = PBXFileReference; lastKnownFileType = wrapper.framework; name = Foundation.framework; path = System/Library/Frameworks/Foundation.framework; sourceTree = SDKROOT; };
		681459F219BA20A0001A610D /* CoreGraphics.framework */ = {isa = PBXFileReference; lastKnownFileType = wrapper.framework; name = CoreGraphics.framework; path = System/Library/Frameworks/CoreGraphics.framework; sourceTree = SDKROOT; };
		681459F419BA20A0001A610D /* UIKit.framework */ = {isa = PBXFileReference; lastKnownFileType = wrapper.framework; name = UIKit.framework; path = System/Library/Frameworks/UIKit.framework; sourceTree = SDKROOT; };
		681459F819BA20A0001A610D /* gittest-Info.plist */ = {isa = PBXFileReference; lastKnownFileType = text.plist.xml; path = "gittest-Info.plist"; sourceTree = "<group>"; };
		681459FA19BA20A0001A610D /* en */ = {isa = PBXFileReference; lastKnownFileType = text.plist.strings; name = en; path = en.lproj/InfoPlist.strings; sourceTree = "<group>"; };
		681459FC19BA20A0001A610D /* main.m */ = {isa = PBXFileReference; lastKnownFileType = sourcecode.c.objc; path = main.m; sourceTree = "<group>"; };
		681459FE19BA20A0001A610D /* gittest-Prefix.pch */ = {isa = PBXFileReference; lastKnownFileType = sourcecode.c.h; path = "gittest-Prefix.pch"; sourceTree = "<group>"; };
		681459FF19BA20A0001A610D /* SSAppDelegate.h */ = {isa = PBXFileReference; lastKnownFileType = sourcecode.c.h; path = SSAppDelegate.h; sourceTree = "<group>"; };
		68145A0019BA20A0001A610D /* SSAppDelegate.m */ = {isa = PBXFileReference; lastKnownFileType = sourcecode.c.objc; path = SSAppDelegate.m; sourceTree = "<group>"; };
		68145A0319BA20A0001A610D /* Base */ = {isa = PBXFileReference; lastKnownFileType = file.storyboard; name = Base; path = Base.lproj/Main.storyboard; sourceTree = "<group>"; };
		68145A0519BA20A0001A610D /* SSViewController.h */ = {isa = PBXFileReference; lastKnownFileType = sourcecode.c.h; path = SSViewController.h; sourceTree = "<group>"; };
		68145A0619BA20A0001A610D /* SSViewController.m */ = {isa = PBXFileReference; lastKnownFileType = sourcecode.c.objc; path = SSViewController.m; sourceTree = "<group>"; };
		68145A0819BA20A0001A610D /* Images.xcassets */ = {isa = PBXFileReference; lastKnownFileType = folder.assetcatalog; path = Images.xcassets; sourceTree = "<group>"; };
		68145A0E19BA20A0001A610D /* gittestTests.xctest */ = {isa = PBXFileReference; explicitFileType = wrapper.cfbundle; includeInIndex = 0; path = gittestTests.xctest; sourceTree = BUILT_PRODUCTS_DIR; };
		68145A0F19BA20A0001A610D /* XCTest.framework */ = {isa = PBXFileReference; lastKnownFileType = wrapper.framework; name = XCTest.framework; path = Library/Frameworks/XCTest.framework; sourceTree = DEVELOPER_DIR; };
		68145A1719BA20A0001A610D /* gittestTests-Info.plist */ = {isa = PBXFileReference; lastKnownFileType = text.plist.xml; path = "gittestTests-Info.plist"; sourceTree = "<group>"; };
		68145A1919BA20A0001A610D /* en */ = {isa = PBXFileReference; lastKnownFileType = text.plist.strings; name = en; path = en.lproj/InfoPlist.strings; sourceTree = "<group>"; };
		68145A1B19BA20A0001A610D /* gittestTests.m */ = {isa = PBXFileReference; lastKnownFileType = sourcecode.c.objc; path = gittestTests.m; sourceTree = "<group>"; };
		68145A2519BA2579001A610D /* SSTest.h */ = {isa = PBXFileReference; fileEncoding = 4; lastKnownFileType = sourcecode.c.h; name = SSTest.h; path = ../SSTest.h; sourceTree = "<group>"; };
		68145A2619BA2579001A610D /* SSTest.m */ = {isa = PBXFileReference; fileEncoding = 4; lastKnownFileType = sourcecode.c.objc; name = SSTest.m; path = ../SSTest.m; sourceTree = "<group>"; };
/* End PBXFileReference section */

/* Begin PBXFrameworksBuildPhase section */
		681459EA19BA209F001A610D /* Frameworks */ = {
			isa = PBXFrameworksBuildPhase;
			buildActionMask = 2147483647;
			files = (
				681459F319BA20A0001A610D /* CoreGraphics.framework in Frameworks */,
				681459F519BA20A0001A610D /* UIKit.framework in Frameworks */,
				681459F119BA20A0001A610D /* Foundation.framework in Frameworks */,
			);
			runOnlyForDeploymentPostprocessing = 0;
		};
		68145A0B19BA20A0001A610D /* Frameworks */ = {
			isa = PBXFrameworksBuildPhase;
			buildActionMask = 2147483647;
			files = (
				68145A1019BA20A0001A610D /* XCTest.framework in Frameworks */,
				68145A1219BA20A0001A610D /* UIKit.framework in Frameworks */,
				68145A1119BA20A0001A610D /* Foundation.framework in Frameworks */,
			);
			runOnlyForDeploymentPostprocessing = 0;
		};
/* End PBXFrameworksBuildPhase section */

/* Begin PBXGroup section */
		681459E419BA209F001A610D = {
			isa = PBXGroup;
			children = (
				681459F619BA20A0001A610D /* gittest */,
				68145A1519BA20A0001A610D /* gittestTests */,
				681459EF19BA20A0001A610D /* Frameworks */,
				681459EE19BA20A0001A610D /* Products */,
			);
			sourceTree = "<group>";
		};
		681459EE19BA20A0001A610D /* Products */ = {
			isa = PBXGroup;
			children = (
				681459ED19BA20A0001A610D /* gittest.app */,
				68145A0E19BA20A0001A610D /* gittestTests.xctest */,
			);
			name = Products;
			sourceTree = "<group>";
		};
		681459EF19BA20A0001A610D /* Frameworks */ = {
			isa = PBXGroup;
			children = (
				681459F019BA20A0001A610D /* Foundation.framework */,
				681459F219BA20A0001A610D /* CoreGraphics.framework */,
				681459F419BA20A0001A610D /* UIKit.framework */,
				68145A0F19BA20A0001A610D /* XCTest.framework */,
			);
			name = Frameworks;
			sourceTree = "<group>";
		};
		681459F619BA20A0001A610D /* gittest */ = {
			isa = PBXGroup;
			children = (
				681459FF19BA20A0001A610D /* SSAppDelegate.h */,
				68145A0019BA20A0001A610D /* SSAppDelegate.m */,
				68145A0219BA20A0001A610D /* Main.storyboard */,
				68145A0519BA20A0001A610D /* SSViewController.h */,
				68145A0619BA20A0001A610D /* SSViewController.m */,
				68145A2519BA2579001A610D /* SSTest.h */,
				68145A2619BA2579001A610D /* SSTest.m */,
				68145A0819BA20A0001A610D /* Images.xcassets */,
				681459F719BA20A0001A610D /* Supporting Files */,
			);
			path = gittest;
			sourceTree = "<group>";
		};
		681459F719BA20A0001A610D /* Supporting Files */ = {
			isa = PBXGroup;
			children = (
				681459F819BA20A0001A610D /* gittest-Info.plist */,
				681459F919BA20A0001A610D /* InfoPlist.strings */,
				681459FC19BA20A0001A610D /* main.m */,
				681459FE19BA20A0001A610D /* gittest-Prefix.pch */,
			);
			name = "Supporting Files";
			sourceTree = "<group>";
		};
		68145A1519BA20A0001A610D /* gittestTests */ = {
			isa = PBXGroup;
			children = (
				68145A1B19BA20A0001A610D /* gittestTests.m */,
				68145A1619BA20A0001A610D /* Supporting Files */,
			);
			path = gittestTests;
			sourceTree = "<group>";
		};
		68145A1619BA20A0001A610D /* Supporting Files */ = {
			isa = PBXGroup;
			children = (
				68145A1719BA20A0001A610D /* gittestTests-Info.plist */,
				68145A1819BA20A0001A610D /* InfoPlist.strings */,
			);
			name = "Supporting Files";
			sourceTree = "<group>";
		};
/* End PBXGroup section */

/* Begin PBXNativeTarget section */
		681459EC19BA209F001A610D /* gittest */ = {
			isa = PBXNativeTarget;
			buildConfigurationList = 68145A1F19BA20A0001A610D /* Build configuration list for PBXNativeTarget "gittest" */;
			buildPhases = (
				681459E919BA209F001A610D /* Sources */,
				681459EA19BA209F001A610D /* Frameworks */,
				681459EB19BA209F001A610D /* Resources */,
			);
			buildRules = (
			);
			dependencies = (
			);
			name = gittest;
			productName = gittest;
			productReference = 681459ED19BA20A0001A610D /* gittest.app */;
			productType = "com.apple.product-type.application";
		};
		68145A0D19BA20A0001A610D /* gittestTests */ = {
			isa = PBXNativeTarget;
			buildConfigurationList = 68145A2219BA20A0001A610D /* Build configuration list for PBXNativeTarget "gittestTests" */;
			buildPhases = (
				68145A0A19BA20A0001A610D /* Sources */,
				68145A0B19BA20A0001A610D /* Frameworks */,
				68145A0C19BA20A0001A610D /* Resources */,
			);
			buildRules = (
			);
			dependencies = (
				68145A1419BA20A0001A610D /* PBXTargetDependency */,
			);
			name = gittestTests;
			productName = gittestTests;
			productReference = 68145A0E19BA20A0001A610D /* gittestTests.xctest */;
			productType = "com.apple.product-type.bundle.unit-test";
		};
/* End PBXNativeTarget section */

/* Begin PBXProject section */
		681459E519BA209F001A610D /* Project object */ = {
			isa = PBXProject;
			attributes = {
				CLASSPREFIX = SS;
				LastUpgradeCheck = 0510;
				ORGANIZATIONNAME = "___HOUYOYOYO___";
				TargetAttributes = {
					68145A0D19BA20A0001A610D = {
						TestTargetID = 681459EC19BA209F001A610D;
					};
				};
			};
			buildConfigurationList = 681459E819BA209F001A610D /* Build configuration list for PBXProject "gittest" */;
			compatibilityVersion = "Xcode 3.2";
			developmentRegion = English;
			hasScannedForEncodings = 0;
			knownRegions = (
				en,
				Base,
			);
			mainGroup = 681459E419BA209F001A610D;
			productRefGroup = 681459EE19BA20A0001A610D /* Products */;
			projectDirPath = "";
			projectRoot = "";
			targets = (
				681459EC19BA209F001A610D /* gittest */,
				68145A0D19BA20A0001A610D /* gittestTests */,
			);
		};
/* End PBXProject section */

/* Begin PBXResourcesBuildPhase section */
		681459EB19BA209F001A610D /* Resources */ = {
			isa = PBXResourcesBuildPhase;
			buildActionMask = 2147483647;
			files = (
				68145A0919BA20A0001A610D /* Images.xcassets in Resources */,
				681459FB19BA20A0001A610D /* InfoPlist.strings in Resources */,
				68145A0419BA20A0001A610D /* Main.storyboard in Resources */,
			);
			runOnlyForDeploymentPostprocessing = 0;
		};
		68145A0C19BA20A0001A610D /* Resources */ = {
			isa = PBXResourcesBuildPhase;
			buildActionMask = 2147483647;
			files = (
				68145A1A19BA20A0001A610D /* InfoPlist.strings in Resources */,
			);
			runOnlyForDeploymentPostprocessing = 0;
		};
/* End PBXResourcesBuildPhase section */

/* Begin PBXSourcesBuildPhase section */
		681459E919BA209F001A610D /* Sources */ = {
			isa = PBXSourcesBuildPhase;
			buildActionMask = 2147483647;
			files = (
				68145A0719BA20A0001A610D /* SSViewController.m in Sources */,
				68145A2719BA2579001A610D /* SSTest.m in Sources */,
				68145A0119BA20A0001A610D /* SSAppDelegate.m in Sources */,
				681459FD19BA20A0001A610D /* main.m in Sources */,
			);
			runOnlyForDeploymentPostprocessing = 0;
		};
		68145A0A19BA20A0001A610D /* Sources */ = {
			isa = PBXSourcesBuildPhase;
			buildActionMask = 2147483647;
			files = (
				68145A1C19BA20A0001A610D /* gittestTests.m in Sources */,
			);
			runOnlyForDeploymentPostprocessing = 0;
		};
/* End PBXSourcesBuildPhase section */

/* Begin PBXTargetDependency section */
		68145A1419BA20A0001A610D /* PBXTargetDependency */ = {
			isa = PBXTargetDependency;
			target = 681459EC19BA209F001A610D /* gittest */;
			targetProxy = 68145A1319BA20A0001A610D /* PBXContainerItemProxy */;
		};
/* End PBXTargetDependency section */

/* Begin PBXVariantGroup section */
		681459F919BA20A0001A610D /* InfoPlist.strings */ = {
			isa = PBXVariantGroup;
			children = (
				681459FA19BA20A0001A610D /* en */,
			);
			name = InfoPlist.strings;
			sourceTree = "<group>";
		};
		68145A0219BA20A0001A610D /* Main.storyboard */ = {
			isa = PBXVariantGroup;
			children = (
				68145A0319BA20A0001A610D /* Base */,
			);
			name = Main.storyboard;
			sourceTree = "<group>";
		};
		68145A1819BA20A0001A610D /* InfoPlist.strings */ = {
			isa = PBXVariantGroup;
			children = (
				68145A1919BA20A0001A610D /* en */,
			);
			name = InfoPlist.strings;
			sourceTree = "<group>";
		};
/* End PBXVariantGroup section */

/* Begin XCBuildConfiguration section */
		68145A1D19BA20A0001A610D /* Debug */ = {
			isa = XCBuildConfiguration;
			buildSettings = {
				ALWAYS_SEARCH_USER_PATHS = NO;
				CLANG_CXX_LANGUAGE_STANDARD = "gnu++0x";
				CLANG_CXX_LIBRARY = "libc++";
				CLANG_ENABLE_MODULES = YES;
				CLANG_ENABLE_OBJC_ARC = YES;
				CLANG_WARN_BOOL_CONVERSION = YES;
				CLANG_WARN_CONSTANT_CONVERSION = YES;
				CLANG_WARN_DIRECT_OBJC_ISA_USAGE = YES_ERROR;
				CLANG_WARN_EMPTY_BODY = YES;
				CLANG_WARN_ENUM_CONVERSION = YES;
				CLANG_WARN_INT_CONVERSION = YES;
				CLANG_WARN_OBJC_ROOT_CLASS = YES_ERROR;
				CLANG_WARN__DUPLICATE_METHOD_MATCH = YES;
				"CODE_SIGN_IDENTITY[sdk=iphoneos*]" = "iPhone Developer";
				COPY_PHASE_STRIP = NO;
				GCC_C_LANGUAGE_STANDARD = gnu99;
				GCC_DYNAMIC_NO_PIC = NO;
				GCC_OPTIMIZATION_LEVEL = 0;
				GCC_PREPROCESSOR_DEFINITIONS = (
					"DEBUG=1",
					"$(inherited)",
				);
				GCC_SYMBOLS_PRIVATE_EXTERN = NO;
				GCC_WARN_64_TO_32_BIT_CONVERSION = YES;
				GCC_WARN_ABOUT_RETURN_TYPE = YES_ERROR;
				GCC_WARN_UNDECLARED_SELECTOR = YES;
				GCC_WARN_UNINITIALIZED_AUTOS = YES_AGGRESSIVE;
				GCC_WARN_UNUSED_FUNCTION = YES;
				GCC_WARN_UNUSED_VARIABLE = YES;
				IPHONEOS_DEPLOYMENT_TARGET = 7.1;
				ONLY_ACTIVE_ARCH = YES;
				SDKROOT = iphoneos;
			};
			name = Debug;
		};
		68145A1E19BA20A0001A610D /* Release */ = {
			isa = XCBuildConfiguration;
			buildSettings = {
				ALWAYS_SEARCH_USER_PATHS = NO;
				CLANG_CXX_LANGUAGE_STANDARD = "gnu++0x";
				CLANG_CXX_LIBRARY = "libc++";
				CLANG_ENABLE_MODULES = YES;
				CLANG_ENABLE_OBJC_ARC = YES;
				CLANG_WARN_BOOL_CONVERSION = YES;
				CLANG_WARN_CONSTANT_CONVERSION = YES;
				CLANG_WARN_DIRECT_OBJC_ISA_USAGE = YES_ERROR;
				CLANG_WARN_EMPTY_BODY = YES;
				CLANG_WARN_ENUM_CONVERSION = YES;
				CLANG_WARN_INT_CONVERSION = YES;
				CLANG_WARN_OBJC_ROOT_CLASS = YES_ERROR;
				CLANG_WARN__DUPLICATE_METHOD_MATCH = YES;
				"CODE_SIGN_IDENTITY[sdk=iphoneos*]" = "iPhone Developer";
				COPY_PHASE_STRIP = YES;
				ENABLE_NS_ASSERTIONS = NO;
				GCC_C_LANGUAGE_STANDARD = gnu99;
				GCC_WARN_64_TO_32_BIT_CONVERSION = YES;
				GCC_WARN_ABOUT_RETURN_TYPE = YES_ERROR;
				GCC_WARN_UNDECLARED_SELECTOR = YES;
				GCC_WARN_UNINITIALIZED_AUTOS = YES_AGGRESSIVE;
				GCC_WARN_UNUSED_FUNCTION = YES;
				GCC_WARN_UNUSED_VARIABLE = YES;
				IPHONEOS_DEPLOYMENT_TARGET = 7.1;
				SDKROOT = iphoneos;
				VALIDATE_PRODUCT = YES;
			};
			name = Release;
		};
		68145A2019BA20A0001A610D /* Debug */ = {
			isa = XCBuildConfiguration;
			buildSettings = {
				ASSETCATALOG_COMPILER_APPICON_NAME = AppIcon;
				ASSETCATALOG_COMPILER_LAUNCHIMAGE_NAME = LaunchImage;
				GCC_PRECOMPILE_PREFIX_HEADER = YES;
				GCC_PREFIX_HEADER = "gittest/gittest-Prefix.pch";
				INFOPLIST_FILE = "gittest/gittest-Info.plist";
				PRODUCT_NAME = "$(TARGET_NAME)";
				WRAPPER_EXTENSION = app;
			};
			name = Debug;
		};
		68145A2119BA20A0001A610D /* Release */ = {
			isa = XCBuildConfiguration;
			buildSettings = {
				ASSETCATALOG_COMPILER_APPICON_NAME = AppIcon;
				ASSETCATALOG_COMPILER_LAUNCHIMAGE_NAME = LaunchImage;
				GCC_PRECOMPILE_PREFIX_HEADER = YES;
				GCC_PREFIX_HEADER = "gittest/gittest-Prefix.pch";
				INFOPLIST_FILE = "gittest/gittest-Info.plist";
				PRODUCT_NAME = "$(TARGET_NAME)";
				WRAPPER_EXTENSION = app;
			};
			name = Release;
		};
		68145A2319BA20A0001A610D /* Debug */ = {
			isa = XCBuildConfiguration;
			buildSettings = {
				BUNDLE_LOADER = "$(BUILT_PRODUCTS_DIR)/gittest.app/gittest";
				FRAMEWORK_SEARCH_PATHS = (
					"$(SDKROOT)/Developer/Library/Frameworks",
					"$(inherited)",
					"$(DEVELOPER_FRAMEWORKS_DIR)",
				);
				GCC_PRECOMPILE_PREFIX_HEADER = YES;
				GCC_PREFIX_HEADER = "gittest/gittest-Prefix.pch";
				GCC_PREPROCESSOR_DEFINITIONS = (
					"DEBUG=1",
					"$(inherited)",
				);
				INFOPLIST_FILE = "gittestTests/gittestTests-Info.plist";
				PRODUCT_NAME = "$(TARGET_NAME)";
				TEST_HOST = "$(BUNDLE_LOADER)";
				WRAPPER_EXTENSION = xctest;
			};
			name = Debug;
		};
		68145A2419BA20A0001A610D /* Release */ = {
			isa = XCBuildConfiguration;
			buildSettings = {
				BUNDLE_LOADER = "$(BUILT_PRODUCTS_DIR)/gittest.app/gittest";
				FRAMEWORK_SEARCH_PATHS = (
					"$(SDKROOT)/Developer/Library/Frameworks",
					"$(inherited)",
					"$(DEVELOPER_FRAMEWORKS_DIR)",
				);
				GCC_PRECOMPILE_PREFIX_HEADER = YES;
				GCC_PREFIX_HEADER = "gittest/gittest-Prefix.pch";
				INFOPLIST_FILE = "gittestTests/gittestTests-Info.plist";
				PRODUCT_NAME = "$(TARGET_NAME)";
				TEST_HOST = "$(BUNDLE_LOADER)";
				WRAPPER_EXTENSION = xctest;
			};
			name = Release;
		};
/* End XCBuildConfiguration section */

/* Begin XCConfigurationList section */
		681459E819BA209F001A610D /* Build configuration list for PBXProject "gittest" */ = {
			isa = XCConfigurationList;
			buildConfigurations = (
				68145A1D19BA20A0001A610D /* Debug */,
				68145A1E19BA20A0001A610D /* Release */,
			);
			defaultConfigurationIsVisible = 0;
			defaultConfigurationName = Release;
		};
		68145A1F19BA20A0001A610D /* Build configuration list for PBXNativeTarget "gittest" */ = {
			isa = XCConfigurationList;
			buildConfigurations = (
				68145A2019BA20A0001A610D /* Debug */,
				68145A2119BA20A0001A610D /* Release */,
			);
			defaultConfigurationIsVisible = 0;
		};
		68145A2219BA20A0001A610D /* Build configuration list for PBXNativeTarget "gittestTests" */ = {
			isa = XCConfigurationList;
			buildConfigurations = (
				68145A2319BA20A0001A610D /* Debug */,
				68145A2419BA20A0001A610D /* Release */,
			);
			defaultConfigurationIsVisible = 0;
		};
/* End XCConfigurationList section */
	};
	rootObject = 681459E519BA209F001A610D /* Project object */;
}
